
Microsoft Visual Studio Solution File, Format Version 12.00
# Visual Studio 15
VisualStudioVersion = 15.0.28307.1684
MinimumVisualStudioVersion = 10.0.40219.1
Project("{FAE04EC0-301F-11D3-BF4B-00C04F79EFBC}") = "Hackerrank-30daysofcode", "Hackerrank-30daysofcode\Hackerrank-30daysofcode.csproj", "{C9439D71-E3F5-4882-A583-5964E23D82EC}"
EndProject
Global
	GlobalSection(SolutionConfigurationPlatforms) = preSolution
		Debug|Any CPU = Debug|Any CPU
		Release|Any CPU = Release|Any CPU
	EndGlobalSection
	GlobalSection(ProjectConfigurationPlatforms) = postSolution
		{C9439D71-E3F5-4882-A583-5964E23D82EC}.Debug|Any CPU.ActiveCfg = Debug|Any CPU
		{C9439D71-E3F5-4882-A583-5964E23D82EC}.Debug|Any CPU.Build.0 = Debug|Any CPU
		{C9439D71-E3F5-4882-A583-5964E23D82EC}.Release|Any CPU.ActiveCfg = Release|Any CPU
		{C9439D71-E3F5-4882-A583-5964E23D82EC}.Release|Any CPU.Build.0 = Release|Any CPU
	EndGlobalSection
	GlobalSection(SolutionProperties) = preSolution
		HideSolutionNode = FALSE
	EndGlobalSection
	GlobalSection(ExtensibilityGlobals) = postSolution
		SolutionGuid = {BC2F4680-E8C5-4A0E-969C-222C65CE097F}
	EndGlobalSection
EndGlobal
